
Microsoft Visual Studio Solution File, Format Version 12.00
# Visual Studio 15
VisualStudioVersion = 15.0.26124.0
MinimumVisualStudioVersion = 15.0.26124.0
Project("{2150E333-8FDC-42A3-9474-1A3956D46DE8}") = "src", "src", "{385E8D9F-B9EF-471F-9DF4-F42306D97A48}"
EndProject
Project("{FAE04EC0-301F-11D3-BF4B-00C04F79EFBC}") = "Front.WebApi", "src\Front.WebApi\Front.WebApi.csproj", "{BB005298-627B-415E-8D6E-338627D5B171}"
EndProject
Project("{FAE04EC0-301F-11D3-BF4B-00C04F79EFBC}") = "Streaming.WebApi", "src\Streaming.WebApi\Streaming.WebApi.csproj", "{B0E13F44-96FF-45E3-98BC-A92E66D62BA6}"
EndProject
Project("{FAE04EC0-301F-11D3-BF4B-00C04F79EFBC}") = "Publishers", "src\Publishers\Publishers.csproj", "{6A3E2EAF-A612-4A4B-89DB-30D1E97EEBF0}"
EndProject
Global
	GlobalSection(SolutionConfigurationPlatforms) = preSolution
		Debug|Any CPU = Debug|Any CPU
		Debug|x64 = Debug|x64
		Debug|x86 = Debug|x86
		Release|Any CPU = Release|Any CPU
		Release|x64 = Release|x64
		Release|x86 = Release|x86
	EndGlobalSection
	GlobalSection(SolutionProperties) = preSolution
		HideSolutionNode = FALSE
	EndGlobalSection
	GlobalSection(ProjectConfigurationPlatforms) = postSolution
		{BB005298-627B-415E-8D6E-338627D5B171}.Debug|Any CPU.ActiveCfg = Debug|Any CPU
		{BB005298-627B-415E-8D6E-338627D5B171}.Debug|Any CPU.Build.0 = Debug|Any CPU
		{BB005298-627B-415E-8D6E-338627D5B171}.Debug|x64.ActiveCfg = Debug|Any CPU
		{BB005298-627B-415E-8D6E-338627D5B171}.Debug|x64.Build.0 = Debug|Any CPU
		{BB005298-627B-415E-8D6E-338627D5B171}.Debug|x86.ActiveCfg = Debug|Any CPU
		{BB005298-627B-415E-8D6E-338627D5B171}.Debug|x86.Build.0 = Debug|Any CPU
		{BB005298-627B-415E-8D6E-338627D5B171}.Release|Any CPU.ActiveCfg = Release|Any CPU
		{BB005298-627B-415E-8D6E-338627D5B171}.Release|Any CPU.Build.0 = Release|Any CPU
		{BB005298-627B-415E-8D6E-338627D5B171}.Release|x64.ActiveCfg = Release|Any CPU
		{BB005298-627B-415E-8D6E-338627D5B171}.Release|x64.Build.0 = Release|Any CPU
		{BB005298-627B-415E-8D6E-338627D5B171}.Release|x86.ActiveCfg = Release|Any CPU
		{BB005298-627B-415E-8D6E-338627D5B171}.Release|x86.Build.0 = Release|Any CPU
		{B0E13F44-96FF-45E3-98BC-A92E66D62BA6}.Debug|Any CPU.ActiveCfg = Debug|Any CPU
		{B0E13F44-96FF-45E3-98BC-A92E66D62BA6}.Debug|Any CPU.Build.0 = Debug|Any CPU
		{B0E13F44-96FF-45E3-98BC-A92E66D62BA6}.Debug|x64.ActiveCfg = Debug|Any CPU
		{B0E13F44-96FF-45E3-98BC-A92E66D62BA6}.Debug|x64.Build.0 = Debug|Any CPU
		{B0E13F44-96FF-45E3-98BC-A92E66D62BA6}.Debug|x86.ActiveCfg = Debug|Any CPU
		{B0E13F44-96FF-45E3-98BC-A92E66D62BA6}.Debug|x86.Build.0 = Debug|Any CPU
		{B0E13F44-96FF-45E3-98BC-A92E66D62BA6}.Release|Any CPU.ActiveCfg = Release|Any CPU
		{B0E13F44-96FF-45E3-98BC-A92E66D62BA6}.Release|Any CPU.Build.0 = Release|Any CPU
		{B0E13F44-96FF-45E3-98BC-A92E66D62BA6}.Release|x64.ActiveCfg = Release|Any CPU
		{B0E13F44-96FF-45E3-98BC-A92E66D62BA6}.Release|x64.Build.0 = Release|Any CPU
		{B0E13F44-96FF-45E3-98BC-A92E66D62BA6}.Release|x86.ActiveCfg = Release|Any CPU
		{B0E13F44-96FF-45E3-98BC-A92E66D62BA6}.Release|x86.Build.0 = Release|Any CPU
		{6A3E2EAF-A612-4A4B-89DB-30D1E97EEBF0}.Debug|Any CPU.ActiveCfg = Debug|Any CPU
		{6A3E2EAF-A612-4A4B-89DB-30D1E97EEBF0}.Debug|Any CPU.Build.0 = Debug|Any CPU
		{6A3E2EAF-A612-4A4B-89DB-30D1E97EEBF0}.Debug|x64.ActiveCfg = Debug|Any CPU
		{6A3E2EAF-A612-4A4B-89DB-30D1E97EEBF0}.Debug|x64.Build.0 = Debug|Any CPU
		{6A3E2EAF-A612-4A4B-89DB-30D1E97EEBF0}.Debug|x86.ActiveCfg = Debug|Any CPU
		{6A3E2EAF-A612-4A4B-89DB-30D1E97EEBF0}.Debug|x86.Build.0 = Debug|Any CPU
		{6A3E2EAF-A612-4A4B-89DB-30D1E97EEBF0}.Release|Any CPU.ActiveCfg = Release|Any CPU
		{6A3E2EAF-A612-4A4B-89DB-30D1E97EEBF0}.Release|Any CPU.Build.0 = Release|Any CPU
		{6A3E2EAF-A612-4A4B-89DB-30D1E97EEBF0}.Release|x64.ActiveCfg = Release|Any CPU
		{6A3E2EAF-A612-4A4B-89DB-30D1E97EEBF0}.Release|x64.Build.0 = Release|Any CPU
		{6A3E2EAF-A612-4A4B-89DB-30D1E97EEBF0}.Release|x86.ActiveCfg = Release|Any CPU
		{6A3E2EAF-A612-4A4B-89DB-30D1E97EEBF0}.Release|x86.Build.0 = Release|Any CPU
	EndGlobalSection
	GlobalSection(NestedProjects) = preSolution
		{BB005298-627B-415E-8D6E-338627D5B171} = {385E8D9F-B9EF-471F-9DF4-F42306D97A48}
		{B0E13F44-96FF-45E3-98BC-A92E66D62BA6} = {385E8D9F-B9EF-471F-9DF4-F42306D97A48}
		{6A3E2EAF-A612-4A4B-89DB-30D1E97EEBF0} = {385E8D9F-B9EF-471F-9DF4-F42306D97A48}
	EndGlobalSection
EndGlobal
