
Microsoft Visual Studio Solution File, Format Version 12.00
# Visual Studio Version 16
VisualStudioVersion = 16.0.28803.202
MinimumVisualStudioVersion = 15.0.26124.0
Project("{2150E333-8FDC-42A3-9474-1A3956D46DE8}") = "src", "src", "{385E8D9F-B9EF-471F-9DF4-F42306D97A48}"
EndProject
Project("{9A19103F-16F7-4668-BE54-9A1E7A4F7556}") = "Front.WebApi", "src\Front.WebApi\Front.WebApi.csproj", "{BB005298-627B-415E-8D6E-338627D5B171}"
EndProject
Project("{9A19103F-16F7-4668-BE54-9A1E7A4F7556}") = "Streaming.WebApi", "src\Streaming.WebApi\Streaming.WebApi.csproj", "{B0E13F44-96FF-45E3-98BC-A92E66D62BA6}"
EndProject
Project("{9A19103F-16F7-4668-BE54-9A1E7A4F7556}") = "Streaming.Publishers", "src\Streaming.Publishers\Streaming.Publishers.csproj", "{B61931E2-9FF4-48D9-8B92-1DAB7514D534}"
EndProject
Project("{2150E333-8FDC-42A3-9474-1A3956D46DE8}") = "build", "build", "{DF7779F8-8F7A-4C8B-BB91-82DC9E720BFA}"
	ProjectSection(SolutionItems) = preProject
		..\.gitattributes = ..\.gitattributes
		.gitignore = .gitignore
		..\azure-build-pipeline.yaml = ..\azure-build-pipeline.yaml
		global.json = global.json
	EndProjectSection
EndProject
Global
	GlobalSection(SolutionConfigurationPlatforms) = preSolution
		Debug|Any CPU = Debug|Any CPU
		Debug|x64 = Debug|x64
		Debug|x86 = Debug|x86
		Release|Any CPU = Release|Any CPU
		Release|x64 = Release|x64
		Release|x86 = Release|x86
	EndGlobalSection
	GlobalSection(ProjectConfigurationPlatforms) = postSolution
		{BB005298-627B-415E-8D6E-338627D5B171}.Debug|Any CPU.ActiveCfg = Debug|Any CPU
		{BB005298-627B-415E-8D6E-338627D5B171}.Debug|Any CPU.Build.0 = Debug|Any CPU
		{BB005298-627B-415E-8D6E-338627D5B171}.Debug|x64.ActiveCfg = Debug|Any CPU
		{BB005298-627B-415E-8D6E-338627D5B171}.Debug|x64.Build.0 = Debug|Any CPU
		{BB005298-627B-415E-8D6E-338627D5B171}.Debug|x86.ActiveCfg = Debug|Any CPU
		{BB005298-627B-415E-8D6E-338627D5B171}.Debug|x86.Build.0 = Debug|Any CPU
		{BB005298-627B-415E-8D6E-338627D5B171}.Release|Any CPU.ActiveCfg = Release|Any CPU
		{BB005298-627B-415E-8D6E-338627D5B171}.Release|Any CPU.Build.0 = Release|Any CPU
		{BB005298-627B-415E-8D6E-338627D5B171}.Release|x64.ActiveCfg = Release|Any CPU
		{BB005298-627B-415E-8D6E-338627D5B171}.Release|x64.Build.0 = Release|Any CPU
		{BB005298-627B-415E-8D6E-338627D5B171}.Release|x86.ActiveCfg = Release|Any CPU
		{BB005298-627B-415E-8D6E-338627D5B171}.Release|x86.Build.0 = Release|Any CPU
		{B0E13F44-96FF-45E3-98BC-A92E66D62BA6}.Debug|Any CPU.ActiveCfg = Debug|Any CPU
		{B0E13F44-96FF-45E3-98BC-A92E66D62BA6}.Debug|Any CPU.Build.0 = Debug|Any CPU
		{B0E13F44-96FF-45E3-98BC-A92E66D62BA6}.Debug|x64.ActiveCfg = Debug|Any CPU
		{B0E13F44-96FF-45E3-98BC-A92E66D62BA6}.Debug|x64.Build.0 = Debug|Any CPU
		{B0E13F44-96FF-45E3-98BC-A92E66D62BA6}.Debug|x86.ActiveCfg = Debug|Any CPU
		{B0E13F44-96FF-45E3-98BC-A92E66D62BA6}.Debug|x86.Build.0 = Debug|Any CPU
		{B0E13F44-96FF-45E3-98BC-A92E66D62BA6}.Release|Any CPU.ActiveCfg = Release|Any CPU
		{B0E13F44-96FF-45E3-98BC-A92E66D62BA6}.Release|Any CPU.Build.0 = Release|Any CPU
		{B0E13F44-96FF-45E3-98BC-A92E66D62BA6}.Release|x64.ActiveCfg = Release|Any CPU
		{B0E13F44-96FF-45E3-98BC-A92E66D62BA6}.Release|x64.Build.0 = Release|Any CPU
		{B0E13F44-96FF-45E3-98BC-A92E66D62BA6}.Release|x86.ActiveCfg = Release|Any CPU
		{B0E13F44-96FF-45E3-98BC-A92E66D62BA6}.Release|x86.Build.0 = Release|Any CPU
		{B61931E2-9FF4-48D9-8B92-1DAB7514D534}.Debug|Any CPU.ActiveCfg = Debug|Any CPU
		{B61931E2-9FF4-48D9-8B92-1DAB7514D534}.Debug|Any CPU.Build.0 = Debug|Any CPU
		{B61931E2-9FF4-48D9-8B92-1DAB7514D534}.Debug|x64.ActiveCfg = Debug|Any CPU
		{B61931E2-9FF4-48D9-8B92-1DAB7514D534}.Debug|x64.Build.0 = Debug|Any CPU
		{B61931E2-9FF4-48D9-8B92-1DAB7514D534}.Debug|x86.ActiveCfg = Debug|Any CPU
		{B61931E2-9FF4-48D9-8B92-1DAB7514D534}.Debug|x86.Build.0 = Debug|Any CPU
		{B61931E2-9FF4-48D9-8B92-1DAB7514D534}.Release|Any CPU.ActiveCfg = Release|Any CPU
		{B61931E2-9FF4-48D9-8B92-1DAB7514D534}.Release|Any CPU.Build.0 = Release|Any CPU
		{B61931E2-9FF4-48D9-8B92-1DAB7514D534}.Release|x64.ActiveCfg = Release|Any CPU
		{B61931E2-9FF4-48D9-8B92-1DAB7514D534}.Release|x64.Build.0 = Release|Any CPU
		{B61931E2-9FF4-48D9-8B92-1DAB7514D534}.Release|x86.ActiveCfg = Release|Any CPU
		{B61931E2-9FF4-48D9-8B92-1DAB7514D534}.Release|x86.Build.0 = Release|Any CPU
	EndGlobalSection
	GlobalSection(SolutionProperties) = preSolution
		HideSolutionNode = FALSE
	EndGlobalSection
	GlobalSection(NestedProjects) = preSolution
		{BB005298-627B-415E-8D6E-338627D5B171} = {385E8D9F-B9EF-471F-9DF4-F42306D97A48}
		{B0E13F44-96FF-45E3-98BC-A92E66D62BA6} = {385E8D9F-B9EF-471F-9DF4-F42306D97A48}
		{B61931E2-9FF4-48D9-8B92-1DAB7514D534} = {385E8D9F-B9EF-471F-9DF4-F42306D97A48}
	EndGlobalSection
	GlobalSection(ExtensibilityGlobals) = postSolution
		SolutionGuid = {6D83BCAF-64EA-4FB9-84D9-4A0DCEBABEA5}
	EndGlobalSection
EndGlobal
