
Microsoft Visual Studio Solution File, Format Version 12.00
# Visual Studio Version 16
VisualStudioVersion = 16.0.28803.202
MinimumVisualStudioVersion = 15.0.26124.0
Project("{9A19103F-16F7-4668-BE54-9A1E7A4F7556}") = "Streaming.WebApi", "src\Streaming.WebApi.csproj", "{8AA451F4-7C54-4C4C-8F34-9834FA74E1FA}"
EndProject
Global
	GlobalSection(SolutionConfigurationPlatforms) = preSolution
		Debug|Any CPU = Debug|Any CPU
		Debug|x64 = Debug|x64
		Debug|x86 = Debug|x86
		Release|Any CPU = Release|Any CPU
		Release|x64 = Release|x64
		Release|x86 = Release|x86
	EndGlobalSection
	GlobalSection(ProjectConfigurationPlatforms) = postSolution
		{8AA451F4-7C54-4C4C-8F34-9834FA74E1FA}.Debug|Any CPU.ActiveCfg = Debug|Any CPU
		{8AA451F4-7C54-4C4C-8F34-9834FA74E1FA}.Debug|Any CPU.Build.0 = Debug|Any CPU
		{8AA451F4-7C54-4C4C-8F34-9834FA74E1FA}.Debug|x64.ActiveCfg = Debug|Any CPU
		{8AA451F4-7C54-4C4C-8F34-9834FA74E1FA}.Debug|x64.Build.0 = Debug|Any CPU
		{8AA451F4-7C54-4C4C-8F34-9834FA74E1FA}.Debug|x86.ActiveCfg = Debug|Any CPU
		{8AA451F4-7C54-4C4C-8F34-9834FA74E1FA}.Debug|x86.Build.0 = Debug|Any CPU
		{8AA451F4-7C54-4C4C-8F34-9834FA74E1FA}.Release|Any CPU.ActiveCfg = Release|Any CPU
		{8AA451F4-7C54-4C4C-8F34-9834FA74E1FA}.Release|Any CPU.Build.0 = Release|Any CPU
		{8AA451F4-7C54-4C4C-8F34-9834FA74E1FA}.Release|x64.ActiveCfg = Release|Any CPU
		{8AA451F4-7C54-4C4C-8F34-9834FA74E1FA}.Release|x64.Build.0 = Release|Any CPU
		{8AA451F4-7C54-4C4C-8F34-9834FA74E1FA}.Release|x86.ActiveCfg = Release|Any CPU
		{8AA451F4-7C54-4C4C-8F34-9834FA74E1FA}.Release|x86.Build.0 = Release|Any CPU
	EndGlobalSection
	GlobalSection(SolutionProperties) = preSolution
		HideSolutionNode = FALSE
	EndGlobalSection
	GlobalSection(ExtensibilityGlobals) = postSolution
		SolutionGuid = {89909933-2800-4E18-8059-9A9BC139F13E}
	EndGlobalSection
EndGlobal
